
Microsoft Visual Studio Solution File, Format Version 12.00
# Visual Studio Version 16
VisualStudioVersion = 16.0.30621.155
MinimumVisualStudioVersion = 10.0.40219.1
Project("{FAE04EC0-301F-11D3-BF4B-00C04F79EFBC}") = "Prueba2", "Prueba2.csproj", "{8AD0FF85-4333-43CC-A19C-8BF6AD892F92}"
EndProject
Global
	GlobalSection(SolutionConfigurationPlatforms) = preSolution
		Debug|Any CPU = Debug|Any CPU
		Release|Any CPU = Release|Any CPU
	EndGlobalSection
	GlobalSection(ProjectConfigurationPlatforms) = postSolution
		{8AD0FF85-4333-43CC-A19C-8BF6AD892F92}.Debug|Any CPU.ActiveCfg = Debug|Any CPU
		{8AD0FF85-4333-43CC-A19C-8BF6AD892F92}.Debug|Any CPU.Build.0 = Debug|Any CPU
		{8AD0FF85-4333-43CC-A19C-8BF6AD892F92}.Release|Any CPU.ActiveCfg = Release|Any CPU
		{8AD0FF85-4333-43CC-A19C-8BF6AD892F92}.Release|Any CPU.Build.0 = Release|Any CPU
	EndGlobalSection
	GlobalSection(SolutionProperties) = preSolution
		HideSolutionNode = FALSE
	EndGlobalSection
	GlobalSection(ExtensibilityGlobals) = postSolution
		SolutionGuid = {7ECE368F-EA69-41CE-8AD1-7C273C35F219}
	EndGlobalSection
EndGlobal
